github.com/groob/plist v0.0.0-20200425180238-0f631f258c01 h1:0T3XGXebqLj7zSVLng9wX9axQzTEnvj/h6eT7iLfUas=
github.com/groob/plist v0.0.0-20200425180238-0f631f258c01/go.mod h1:itkABA+w2cw7x5nYUS/pLRef6ludkZKOigbROmCTaFw=
github.com/remoteit/systemkit-logging v1.8.6 h1:vpM55Ft5/A5FcWR9JqjIyR5517WLlPNEfkvnuJrm5ic=
github.com/remoteit/systemkit-logging v1.8.6/go.mod h1:UIXArHbQPsiyx/2STjyxYmqOtPhF8j0GwGTIay1FjMk=
github.com/remoteit/systemkit-service-spec v1.0.3 h1:ex3LMZn82B43jWtveVvHnV3Axp3Bs7NredIJ+POTTro=
github.com/remoteit/systemkit-service-spec v1.0.3/go.mod h1:1tQYLwDSBo3T5fUUEZw86o8Qji4sWvTYoDu0jfV464E=
